Microsoft Visual Studio Solution File, Format Version 12.00
Project("{FAE04EC0-301F-11D3-BF4B-00C04F79EFBC}") = "SendPulse.Client", "Source\SendPulse.Client\SendPulse.Client.csproj", "{38C79ED6-B9ED-49FA-A2E5-216D536B3D0A}"
EndProject
Project("{2150E333-8FDC-42A3-9474-1A3956D46DE8}") = "Source", "Source", "{5F9D098B-1715-4C81-983F-0E4A8F05BD9E}"
EndProject
Project("{2150E333-8FDC-42A3-9474-1A3956D46DE8}") = "Tests", "Tests", "{470F2256-4655-49DE-91A9-0D8E9457C8CE}"
EndProject
Project("{FAE04EC0-301F-11D3-BF4B-00C04F79EFBC}") = "SendPulse.Tests.Unit", "Tests\SendPulse.Tests.Unit\SendPulse.Tests.Unit.csproj", "{C978271D-A414-432A-9995-42CA3106914B}"
EndProject
Project("{FAE04EC0-301F-11D3-BF4B-00C04F79EFBC}") = "SendPulse.Example", "Source\SendPulse.Example\SendPulse.Example.csproj", "{252D6134-717C-4586-B651-CA3935F8DECF}"
EndProject
Global
	GlobalSection(SolutionConfigurationPlatforms) = preSolution
		Debug|Any CPU = Debug|Any CPU
		Release|Any CPU = Release|Any CPU
	EndGlobalSection
	GlobalSection(ProjectConfigurationPlatforms) = postSolution
		{38C79ED6-B9ED-49FA-A2E5-216D536B3D0A}.Debug|Any CPU.ActiveCfg = Debug|Any CPU
		{38C79ED6-B9ED-49FA-A2E5-216D536B3D0A}.Debug|Any CPU.Build.0 = Debug|Any CPU
		{38C79ED6-B9ED-49FA-A2E5-216D536B3D0A}.Release|Any CPU.ActiveCfg = Release|Any CPU
		{38C79ED6-B9ED-49FA-A2E5-216D536B3D0A}.Release|Any CPU.Build.0 = Release|Any CPU
		{C978271D-A414-432A-9995-42CA3106914B}.Debug|Any CPU.ActiveCfg = Debug|Any CPU
		{C978271D-A414-432A-9995-42CA3106914B}.Debug|Any CPU.Build.0 = Debug|Any CPU
		{C978271D-A414-432A-9995-42CA3106914B}.Release|Any CPU.ActiveCfg = Release|Any CPU
		{C978271D-A414-432A-9995-42CA3106914B}.Release|Any CPU.Build.0 = Release|Any CPU
		{252D6134-717C-4586-B651-CA3935F8DECF}.Debug|Any CPU.ActiveCfg = Debug|Any CPU
		{252D6134-717C-4586-B651-CA3935F8DECF}.Debug|Any CPU.Build.0 = Debug|Any CPU
		{252D6134-717C-4586-B651-CA3935F8DECF}.Release|Any CPU.ActiveCfg = Release|Any CPU
		{252D6134-717C-4586-B651-CA3935F8DECF}.Release|Any CPU.Build.0 = Release|Any CPU
	EndGlobalSection
	GlobalSection(NestedProjects) = preSolution
		{38C79ED6-B9ED-49FA-A2E5-216D536B3D0A} = {5F9D098B-1715-4C81-983F-0E4A8F05BD9E}
		{C978271D-A414-432A-9995-42CA3106914B} = {470F2256-4655-49DE-91A9-0D8E9457C8CE}
		{252D6134-717C-4586-B651-CA3935F8DECF} = {5F9D098B-1715-4C81-983F-0E4A8F05BD9E}
	EndGlobalSection
EndGlobal
